<Solution>
  <Folder Name="/src/">
    <Project Path="src/SecretsClient.API/SecretsClient.API.csproj" />
    <Project Path="src/SecretsClient.Core/SecretsClient.Core.csproj" />
    <Project Path="src/SecretsClient.Infrastructure/SecretsClient.Infrastructure.csproj" />
  </Folder>
  <Folder Name="/tests/">
    <Project Path="tests/SecretsClient.IntegrationTests/SecretsClient.IntegrationTests.csproj" />
    <Project Path="tests/SecretsClient.UnitTests/SecretsClient.UnitTests.csproj" />
  </Folder>
</Solution>
